
Microsoft Visual Studio Solution File, Format Version 12.00
# Visual Studio Version 16
VisualStudioVersion = 16.0.30523.141
MinimumVisualStudioVersion = 10.0.40219.1
Project("{FAE04EC0-301F-11D3-BF4B-00C04F79EFBC}") = "CourseProjectApp", "CourseProjectApp\CourseProjectApp.csproj", "{3176FF83-377C-43AC-8591-1F8647610BE6}"
EndProject
Global
	GlobalSection(SolutionConfigurationPlatforms) = preSolution
		Debug|Any CPU = Debug|Any CPU
		Release|Any CPU = Release|Any CPU
	EndGlobalSection
	GlobalSection(ProjectConfigurationPlatforms) = postSolution
		{3176FF83-377C-43AC-8591-1F8647610BE6}.Debug|Any CPU.ActiveCfg = Debug|Any CPU
		{3176FF83-377C-43AC-8591-1F8647610BE6}.Debug|Any CPU.Build.0 = Debug|Any CPU
		{3176FF83-377C-43AC-8591-1F8647610BE6}.Release|Any CPU.ActiveCfg = Release|Any CPU
		{3176FF83-377C-43AC-8591-1F8647610BE6}.Release|Any CPU.Build.0 = Release|Any CPU
	EndGlobalSection
	GlobalSection(SolutionProperties) = preSolution
		HideSolutionNode = FALSE
	EndGlobalSection
	GlobalSection(ExtensibilityGlobals) = postSolution
		SolutionGuid = {F0E76986-3344-4A32-808F-80C09E2A1821}
	EndGlobalSection
EndGlobal
