
Microsoft Visual Studio Solution File, Format Version 12.00
# Visual Studio Version 16
VisualStudioVersion = 16.0.29911.84
MinimumVisualStudioVersion = 10.0.40219.1
Project("{FAE04EC0-301F-11D3-BF4B-00C04F79EFBC}") = "TicTacToe", "TicTacToe\TicTacToe.csproj", "{3F222A84-BC21-442E-A301-68F28BA78174}"
EndProject
Global
	GlobalSection(SolutionConfigurationPlatforms) = preSolution
		Debug|Any CPU = Debug|Any CPU
		Release|Any CPU = Release|Any CPU
	EndGlobalSection
	GlobalSection(ProjectConfigurationPlatforms) = postSolution
		{3F222A84-BC21-442E-A301-68F28BA78174}.Debug|Any CPU.ActiveCfg = Debug|Any CPU
		{3F222A84-BC21-442E-A301-68F28BA78174}.Debug|Any CPU.Build.0 = Debug|Any CPU
		{3F222A84-BC21-442E-A301-68F28BA78174}.Release|Any CPU.ActiveCfg = Release|Any CPU
		{3F222A84-BC21-442E-A301-68F28BA78174}.Release|Any CPU.Build.0 = Release|Any CPU
	EndGlobalSection
	GlobalSection(SolutionProperties) = preSolution
		HideSolutionNode = FALSE
	EndGlobalSection
	GlobalSection(ExtensibilityGlobals) = postSolution
		SolutionGuid = {EDAB90C6-4C3E-4A62-8507-6F951808EA2F}
	EndGlobalSection
EndGlobal
