
Microsoft Visual Studio Solution File, Format Version 12.00
# Visual Studio Version 16
VisualStudioVersion = 16.0.29306.81
MinimumVisualStudioVersion = 10.0.40219.1
Project("{FAE04EC0-301F-11D3-BF4B-00C04F79EFBC}") = "String", "String\String.csproj", "{684703A4-C01A-432C-A7FB-1FF8ECD9462A}"
EndProject
Global
	GlobalSection(SolutionConfigurationPlatforms) = preSolution
		Debug|Any CPU = Debug|Any CPU
		Release|Any CPU = Release|Any CPU
	EndGlobalSection
	GlobalSection(ProjectConfigurationPlatforms) = postSolution
		{684703A4-C01A-432C-A7FB-1FF8ECD9462A}.Debug|Any CPU.ActiveCfg = Debug|Any CPU
		{684703A4-C01A-432C-A7FB-1FF8ECD9462A}.Debug|Any CPU.Build.0 = Debug|Any CPU
		{684703A4-C01A-432C-A7FB-1FF8ECD9462A}.Release|Any CPU.ActiveCfg = Release|Any CPU
		{684703A4-C01A-432C-A7FB-1FF8ECD9462A}.Release|Any CPU.Build.0 = Release|Any CPU
	EndGlobalSection
	GlobalSection(SolutionProperties) = preSolution
		HideSolutionNode = FALSE
	EndGlobalSection
	GlobalSection(ExtensibilityGlobals) = postSolution
		SolutionGuid = {B54DC7A2-5A06-4A47-8EC3-15828C2AAFE7}
	EndGlobalSection
EndGlobal
