
Microsoft Visual Studio Solution File, Format Version 12.00
# Visual Studio Version 16
VisualStudioVersion = 16.0.29911.84
MinimumVisualStudioVersion = 10.0.40219.1
Project("{FAE04EC0-301F-11D3-BF4B-00C04F79EFBC}") = "TicTacJoe", "TicTacJoe\TicTacJoe.csproj", "{F7D95E6B-4AB4-4337-83AA-8C24C9A64388}"
EndProject
Global
	GlobalSection(SolutionConfigurationPlatforms) = preSolution
		Debug|Any CPU = Debug|Any CPU
		Release|Any CPU = Release|Any CPU
	EndGlobalSection
	GlobalSection(ProjectConfigurationPlatforms) = postSolution
		{F7D95E6B-4AB4-4337-83AA-8C24C9A64388}.Debug|Any CPU.ActiveCfg = Debug|Any CPU
		{F7D95E6B-4AB4-4337-83AA-8C24C9A64388}.Debug|Any CPU.Build.0 = Debug|Any CPU
		{F7D95E6B-4AB4-4337-83AA-8C24C9A64388}.Release|Any CPU.ActiveCfg = Release|Any CPU
		{F7D95E6B-4AB4-4337-83AA-8C24C9A64388}.Release|Any CPU.Build.0 = Release|Any CPU
	EndGlobalSection
	GlobalSection(SolutionProperties) = preSolution
		HideSolutionNode = FALSE
	EndGlobalSection
	GlobalSection(ExtensibilityGlobals) = postSolution
		SolutionGuid = {39787213-C50B-4EFC-887B-55A52EC34819}
	EndGlobalSection
EndGlobal
